{
  "name": "nodenpm",
  "version": "1.0.0",
  "lockfileVersion": 3,
  "requires": true,
  "packages": {
    "": {
      "name": "nodenpm",
      "version": "1.0.0",
      "license": "ISC",
      "dependencies": {
        "superheros": "^1.0.0"
      }
    },
    "node_modules/superheros": {
      "version": "1.0.0",
      "resolved": "https://registry.npmjs.org/superheros/-/superheros-1.0.0.tgz",
      "integrity": "sha512-vnAlc4PFYjpyxFHpg7ibF7TJ/rVUTQlgAFpUGrA4WAUAsueXlfY6+sORMOTnSPzjCOhHGlvsQJ5YyG/2Y52fqw==",
      "license": "ISC"
    }
  }
}
